
Microsoft Visual Studio Solution File, Format Version 12.00
# Visual Studio Version 16
VisualStudioVersion = 16.0.31515.178
MinimumVisualStudioVersion = 10.0.40219.1
Project("{FAE04EC0-301F-11D3-BF4B-00C04F79EFBC}") = "FreeTest", "FreeTest\FreeTest.csproj", "{CCDFA224-A32B-4283-A9ED-A162356CBC28}"
EndProject
Global
	GlobalSection(SolutionConfigurationPlatforms) = preSolution
		Debug|Any CPU = Debug|Any CPU
		Release|Any CPU = Release|Any CPU
	EndGlobalSection
	GlobalSection(ProjectConfigurationPlatforms) = postSolution
		{CCDFA224-A32B-4283-A9ED-A162356CBC28}.Debug|Any CPU.ActiveCfg = Debug|Any CPU
		{CCDFA224-A32B-4283-A9ED-A162356CBC28}.Debug|Any CPU.Build.0 = Debug|Any CPU
		{CCDFA224-A32B-4283-A9ED-A162356CBC28}.Release|Any CPU.ActiveCfg = Release|Any CPU
		{CCDFA224-A32B-4283-A9ED-A162356CBC28}.Release|Any CPU.Build.0 = Release|Any CPU
	EndGlobalSection
	GlobalSection(SolutionProperties) = preSolution
		HideSolutionNode = FALSE
	EndGlobalSection
	GlobalSection(ExtensibilityGlobals) = postSolution
		SolutionGuid = {B70634C6-9D3D-4945-A36C-0993484504EA}
	EndGlobalSection
EndGlobal
